
Microsoft Visual Studio Solution File, Format Version 12.00
# Visual Studio 14
VisualStudioVersion = 14.0.24720.0
MinimumVisualStudioVersion = 10.0.40219.1
Project("{FAE04EC0-301F-11D3-BF4B-00C04F79EFBC}") = "MoveOn_MVC", "MoveOn_MVC\MoveOn_MVC.csproj", "{11354307-FFC5-459F-B976-E95A4AC63957}"
EndProject
Project("{FAE04EC0-301F-11D3-BF4B-00C04F79EFBC}") = "MoveOn.Domain", "MoveOn.Domain\MoveOn.Domain.csproj", "{C2D1656F-1E98-4353-AF57-400406C272BF}"
EndProject
Project("{FAE04EC0-301F-11D3-BF4B-00C04F79EFBC}") = "MoveOn.Infra", "MoveOn.Infra\MoveOn.Infra.csproj", "{D6DFD66E-07E4-42B6-90C9-AA1A9571C87F}"
EndProject
Project("{FAE04EC0-301F-11D3-BF4B-00C04F79EFBC}") = "MoveOn.Servico", "MoveOn.Servico\MoveOn.Servico.csproj", "{C11020E1-58B0-4011-8D9C-6D449FFDB7AA}"
EndProject
Global
	GlobalSection(SolutionConfigurationPlatforms) = preSolution
		Debug|Any CPU = Debug|Any CPU
		Release|Any CPU = Release|Any CPU
	EndGlobalSection
	GlobalSection(ProjectConfigurationPlatforms) = postSolution
		{11354307-FFC5-459F-B976-E95A4AC63957}.Debug|Any CPU.ActiveCfg = Debug|Any CPU
		{11354307-FFC5-459F-B976-E95A4AC63957}.Debug|Any CPU.Build.0 = Debug|Any CPU
		{11354307-FFC5-459F-B976-E95A4AC63957}.Release|Any CPU.ActiveCfg = Release|Any CPU
		{11354307-FFC5-459F-B976-E95A4AC63957}.Release|Any CPU.Build.0 = Release|Any CPU
		{C2D1656F-1E98-4353-AF57-400406C272BF}.Debug|Any CPU.ActiveCfg = Debug|Any CPU
		{C2D1656F-1E98-4353-AF57-400406C272BF}.Debug|Any CPU.Build.0 = Debug|Any CPU
		{C2D1656F-1E98-4353-AF57-400406C272BF}.Release|Any CPU.ActiveCfg = Release|Any CPU
		{C2D1656F-1E98-4353-AF57-400406C272BF}.Release|Any CPU.Build.0 = Release|Any CPU
		{D6DFD66E-07E4-42B6-90C9-AA1A9571C87F}.Debug|Any CPU.ActiveCfg = Debug|Any CPU
		{D6DFD66E-07E4-42B6-90C9-AA1A9571C87F}.Debug|Any CPU.Build.0 = Debug|Any CPU
		{D6DFD66E-07E4-42B6-90C9-AA1A9571C87F}.Release|Any CPU.ActiveCfg = Release|Any CPU
		{D6DFD66E-07E4-42B6-90C9-AA1A9571C87F}.Release|Any CPU.Build.0 = Release|Any CPU
		{C11020E1-58B0-4011-8D9C-6D449FFDB7AA}.Debug|Any CPU.ActiveCfg = Debug|Any CPU
		{C11020E1-58B0-4011-8D9C-6D449FFDB7AA}.Debug|Any CPU.Build.0 = Debug|Any CPU
		{C11020E1-58B0-4011-8D9C-6D449FFDB7AA}.Release|Any CPU.ActiveCfg = Release|Any CPU
		{C11020E1-58B0-4011-8D9C-6D449FFDB7AA}.Release|Any CPU.Build.0 = Release|Any CPU
	EndGlobalSection
	GlobalSection(SolutionProperties) = preSolution
		HideSolutionNode = FALSE
	EndGlobalSection
EndGlobal
